
Microsoft Visual Studio Solution File, Format Version 12.00
# Visual Studio Version 17
VisualStudioVersion = 17.10.35027.167
MinimumVisualStudioVersion = 10.0.40219.1
Project("{FAE04EC0-301F-11D3-BF4B-00C04F79EFBC}") = "SudokuSolverCore", "SudokuSolverCore\SudokuSolverCore.csproj", "{688A84A3-AF44-4A90-9A2A-C74797ACA41B}"
EndProject
Global
	GlobalSection(SolutionConfigurationPlatforms) = preSolution
		Debug|Any CPU = Debug|Any CPU
		Release|Any CPU = Release|Any CPU
	EndGlobalSection
	GlobalSection(ProjectConfigurationPlatforms) = postSolution
		{688A84A3-AF44-4A90-9A2A-C74797ACA41B}.Debug|Any CPU.ActiveCfg = Debug|Any CPU
		{688A84A3-AF44-4A90-9A2A-C74797ACA41B}.Debug|Any CPU.Build.0 = Debug|Any CPU
		{688A84A3-AF44-4A90-9A2A-C74797ACA41B}.Release|Any CPU.ActiveCfg = Release|Any CPU
		{688A84A3-AF44-4A90-9A2A-C74797ACA41B}.Release|Any CPU.Build.0 = Release|Any CPU
	EndGlobalSection
	GlobalSection(SolutionProperties) = preSolution
		HideSolutionNode = FALSE
	EndGlobalSection
	GlobalSection(ExtensibilityGlobals) = postSolution
		SolutionGuid = {06ED1DD4-D356-423B-AA8A-797B90CF94FC}
	EndGlobalSection
EndGlobal
